
Microsoft Visual Studio Solution File, Format Version 12.00
# Visual Studio Version 17
VisualStudioVersion = 17.11.35312.102
MinimumVisualStudioVersion = 10.0.40219.1
Project("{FAE04EC0-301F-11D3-BF4B-00C04F79EFBC}") = "Calculator", "Calculator\Calculator.csproj", "{E411E2E8-0A3E-47A9-88EC-D36C0412DBF8}"
EndProject
Global
	GlobalSection(SolutionConfigurationPlatforms) = preSolution
		Debug|Any CPU = Debug|Any CPU
		Release|Any CPU = Release|Any CPU
	EndGlobalSection
	GlobalSection(ProjectConfigurationPlatforms) = postSolution
		{E411E2E8-0A3E-47A9-88EC-D36C0412DBF8}.Debug|Any CPU.ActiveCfg = Debug|Any CPU
		{E411E2E8-0A3E-47A9-88EC-D36C0412DBF8}.Debug|Any CPU.Build.0 = Debug|Any CPU
		{E411E2E8-0A3E-47A9-88EC-D36C0412DBF8}.Release|Any CPU.ActiveCfg = Release|Any CPU
		{E411E2E8-0A3E-47A9-88EC-D36C0412DBF8}.Release|Any CPU.Build.0 = Release|Any CPU
	EndGlobalSection
	GlobalSection(SolutionProperties) = preSolution
		HideSolutionNode = FALSE
	EndGlobalSection
	GlobalSection(ExtensibilityGlobals) = postSolution
		SolutionGuid = {1BC37CAB-7DDF-4E58-B36E-4C6EE77B7148}
	EndGlobalSection
EndGlobal
